{
  "version": 1,
  "dependencies": {
    "net8.0-windows7.0": {
      "Microsoft.Web.WebView2": {
        "type": "Direct",
        "requested": "[1.0.4191.47, )",
        "resolved": "1.0.4191.47",
        "contentHash": "Snb6mlTpuz6ZFjWMwIdg28Xp6kAUMy3zaLUyGbFSaw+/AJKlwoX8EiaWJ1eUMfKyJHksPkFjJHl1LIB7kX+0AQ=="
      },
      "Velopack": {
        "type": "Direct",
        "requested": "[1.2.0, )",
        "resolved": "1.2.0",
        "contentHash": "Rz67gJL619fSBS6omaSINUxyDuwhIxkm5mmubf7uLd5Qgi6LLKaKCha+QFP6n+Bw/UjA0vutnH4JQfYzn6ANtw=="
      },
      "markingcalendar.core": {
        "type": "Project"
      },
      "markingcalendar.infrastructure": {
        "type": "Project",
        "dependencies": {
          "MarkingCalendar.Core": "[0.1.13, )"
        }
      }
    },
    "net8.0-windows7.0/win-x64": {
      "Microsoft.Web.WebView2": {
        "type": "Direct",
        "requested": "[1.0.4191.47, )",
        "resolved": "1.0.4191.47",
        "contentHash": "Snb6mlTpuz6ZFjWMwIdg28Xp6kAUMy3zaLUyGbFSaw+/AJKlwoX8EiaWJ1eUMfKyJHksPkFjJHl1LIB7kX+0AQ=="
      }
    }
  }
}