{
  "version": 1,
  "dependencies": {
    "net8.0": {
      "markingcalendar.core": {
        "type": "Project"
      },
      "markingcalendar.infrastructure": {
        "type": "Project",
        "dependencies": {
          "MarkingCalendar.Core": "[0.1.7, )"
        }
      }
    },
    "net8.0/win-x64": {}
  }
}
